
Microsoft Visual Studio Solution File, Format Version 12.00
# Visual Studio Version 17
VisualStudioVersion = 17.9.34607.119
MinimumVisualStudioVersion = 10.0.40219.1
Project("{FAE04EC0-301F-11D3-BF4B-00C04F79EFBC}") = "DINOFINAL", "DINOFINAL\DINOFINAL.csproj", "{537A8C3E-F7D6-4AB4-B991-1E65D8140987}"
EndProject
Global
	GlobalSection(SolutionConfigurationPlatforms) = preSolution
		Debug|Any CPU = Debug|Any CPU
		Release|Any CPU = Release|Any CPU
	EndGlobalSection
	GlobalSection(ProjectConfigurationPlatforms) = postSolution
		{537A8C3E-F7D6-4AB4-B991-1E65D8140987}.Debug|Any CPU.ActiveCfg = Debug|Any CPU
		{537A8C3E-F7D6-4AB4-B991-1E65D8140987}.Debug|Any CPU.Build.0 = Debug|Any CPU
		{537A8C3E-F7D6-4AB4-B991-1E65D8140987}.Release|Any CPU.ActiveCfg = Release|Any CPU
		{537A8C3E-F7D6-4AB4-B991-1E65D8140987}.Release|Any CPU.Build.0 = Release|Any CPU
	EndGlobalSection
	GlobalSection(SolutionProperties) = preSolution
		HideSolutionNode = FALSE
	EndGlobalSection
	GlobalSection(ExtensibilityGlobals) = postSolution
		SolutionGuid = {ABCF4134-2655-41CB-94CE-2D667CBD88BD}
	EndGlobalSection
EndGlobal
